
Microsoft Visual Studio Solution File, Format Version 12.00
# Visual Studio 2013
VisualStudioVersion = 12.0.31101.0
MinimumVisualStudioVersion = 10.0.40219.1
Project("{FAE04EC0-301F-11D3-BF4B-00C04F79EFBC}") = "NextStartBus", "NextStartBus\NextStartBus\NextStartBus.csproj", "{B2B8B18F-8C26-42B7-8645-149801E029A8}"
EndProject
Project("{FAE04EC0-301F-11D3-BF4B-00C04F79EFBC}") = "NextStartBus.iOS", "NextStartBus\NextStartBus.iOS\NextStartBus.iOS.csproj", "{4D38A457-825D-4FE5-BF86-2CE780467E29}"
EndProject
Project("{FAE04EC0-301F-11D3-BF4B-00C04F79EFBC}") = "NextStartBus.Android", "NextStartBus\NextStartBus.Android\NextStartBus.Android.csproj", "{4644FDBC-A2BD-4131-AFE4-C63EDC3B3A8B}"
EndProject
Project("{FAE04EC0-301F-11D3-BF4B-00C04F79EFBC}") = "NextStartBus.WinPhone", "NextStartBus\NextStartBus.WinPhone\NextStartBus.WinPhone.csproj", "{4E47104C-EB83-45FE-9C75-1F6CA86D70AD}"
EndProject
Global
	GlobalSection(SolutionConfigurationPlatforms) = preSolution
		Ad-Hoc|Any CPU = Ad-Hoc|Any CPU
		Ad-Hoc|ARM = Ad-Hoc|ARM
		Ad-Hoc|iPhone = Ad-Hoc|iPhone
		Ad-Hoc|iPhoneSimulator = Ad-Hoc|iPhoneSimulator
		Ad-Hoc|Mixed Platforms = Ad-Hoc|Mixed Platforms
		Ad-Hoc|x86 = Ad-Hoc|x86
		AppStore|Any CPU = AppStore|Any CPU
		AppStore|ARM = AppStore|ARM
		AppStore|iPhone = AppStore|iPhone
		AppStore|iPhoneSimulator = AppStore|iPhoneSimulator
		AppStore|Mixed Platforms = AppStore|Mixed Platforms
		AppStore|x86 = AppStore|x86
		Debug|Any CPU = Debug|Any CPU
		Debug|ARM = Debug|ARM
		Debug|iPhone = Debug|iPhone
		Debug|iPhoneSimulator = Debug|iPhoneSimulator
		Debug|Mixed Platforms = Debug|Mixed Platforms
		Debug|x86 = Debug|x86
		Release|Any CPU = Release|Any CPU
		Release|ARM = Release|ARM
		Release|iPhone = Release|iPhone
		Release|iPhoneSimulator = Release|iPhoneSimulator
		Release|Mixed Platforms = Release|Mixed Platforms
		Release|x86 = Release|x86
	EndGlobalSection
	GlobalSection(ProjectConfigurationPlatforms) = postSolution
		{B2B8B18F-8C26-42B7-8645-149801E029A8}.Ad-Hoc|Any CPU.ActiveCfg = Release|Any CPU
		{B2B8B18F-8C26-42B7-8645-149801E029A8}.Ad-Hoc|Any CPU.Build.0 = Release|Any CPU
		{B2B8B18F-8C26-42B7-8645-149801E029A8}.Ad-Hoc|ARM.ActiveCfg = Release|Any CPU
		{B2B8B18F-8C26-42B7-8645-149801E029A8}.Ad-Hoc|iPhone.ActiveCfg = Release|Any CPU
		{B2B8B18F-8C26-42B7-8645-149801E029A8}.Ad-Hoc|iPhoneSimulator.ActiveCfg = Release|Any CPU
		{B2B8B18F-8C26-42B7-8645-149801E029A8}.Ad-Hoc|Mixed Platforms.ActiveCfg = Release|Any CPU
		{B2B8B18F-8C26-42B7-8645-149801E029A8}.Ad-Hoc|Mixed Platforms.Build.0 = Release|Any CPU
		{B2B8B18F-8C26-42B7-8645-149801E029A8}.Ad-Hoc|x86.ActiveCfg = Release|Any CPU
		{B2B8B18F-8C26-42B7-8645-149801E029A8}.AppStore|Any CPU.ActiveCfg = Release|Any CPU
		{B2B8B18F-8C26-42B7-8645-149801E029A8}.AppStore|Any CPU.Build.0 = Release|Any CPU
		{B2B8B18F-8C26-42B7-8645-149801E029A8}.AppStore|ARM.ActiveCfg = Release|Any CPU
		{B2B8B18F-8C26-42B7-8645-149801E029A8}.AppStore|iPhone.ActiveCfg = Release|Any CPU
		{B2B8B18F-8C26-42B7-8645-149801E029A8}.AppStore|iPhoneSimulator.ActiveCfg = Release|Any CPU
		{B2B8B18F-8C26-42B7-8645-149801E029A8}.AppStore|Mixed Platforms.ActiveCfg = Release|Any CPU
		{B2B8B18F-8C26-42B7-8645-149801E029A8}.AppStore|Mixed Platforms.Build.0 = Release|Any CPU
		{B2B8B18F-8C26-42B7-8645-149801E029A8}.AppStore|x86.ActiveCfg = Release|Any CPU
		{B2B8B18F-8C26-42B7-8645-149801E029A8}.Debug|Any CPU.ActiveCfg = Debug|Any CPU
		{B2B8B18F-8C26-42B7-8645-149801E029A8}.Debug|Any CPU.Build.0 = Debug|Any CPU
		{B2B8B18F-8C26-42B7-8645-149801E029A8}.Debug|ARM.ActiveCfg = Debug|Any CPU
		{B2B8B18F-8C26-42B7-8645-149801E029A8}.Debug|iPhone.ActiveCfg = Debug|Any CPU
		{B2B8B18F-8C26-42B7-8645-149801E029A8}.Debug|iPhoneSimulator.ActiveCfg = Debug|Any CPU
		{B2B8B18F-8C26-42B7-8645-149801E029A8}.Debug|Mixed Platforms.ActiveCfg = Debug|Any CPU
		{B2B8B18F-8C26-42B7-8645-149801E029A8}.Debug|Mixed Platforms.Build.0 = Debug|Any CPU
		{B2B8B18F-8C26-42B7-8645-149801E029A8}.Debug|x86.ActiveCfg = Debug|Any CPU
		{B2B8B18F-8C26-42B7-8645-149801E029A8}.Release|Any CPU.ActiveCfg = Release|Any CPU
		{B2B8B18F-8C26-42B7-8645-149801E029A8}.Release|Any CPU.Build.0 = Release|Any CPU
		{B2B8B18F-8C26-42B7-8645-149801E029A8}.Release|ARM.ActiveCfg = Release|Any CPU
		{B2B8B18F-8C26-42B7-8645-149801E029A8}.Release|iPhone.ActiveCfg = Release|Any CPU
		{B2B8B18F-8C26-42B7-8645-149801E029A8}.Release|iPhoneSimulator.ActiveCfg = Release|Any CPU
		{B2B8B18F-8C26-42B7-8645-149801E029A8}.Release|Mixed Platforms.ActiveCfg = Release|Any CPU
		{B2B8B18F-8C26-42B7-8645-149801E029A8}.Release|Mixed Platforms.Build.0 = Release|Any CPU
		{B2B8B18F-8C26-42B7-8645-149801E029A8}.Release|x86.ActiveCfg = Release|Any CPU
		{4D38A457-825D-4FE5-BF86-2CE780467E29}.Ad-Hoc|Any CPU.ActiveCfg = Ad-Hoc|iPhone
		{4D38A457-825D-4FE5-BF86-2CE780467E29}.Ad-Hoc|ARM.ActiveCfg = Ad-Hoc|iPhone
		{4D38A457-825D-4FE5-BF86-2CE780467E29}.Ad-Hoc|iPhone.ActiveCfg = Ad-Hoc|iPhone
		{4D38A457-825D-4FE5-BF86-2CE780467E29}.Ad-Hoc|iPhone.Build.0 = Ad-Hoc|iPhone
		{4D38A457-825D-4FE5-BF86-2CE780467E29}.Ad-Hoc|iPhoneSimulator.ActiveCfg = Ad-Hoc|iPhoneSimulator
		{4D38A457-825D-4FE5-BF86-2CE780467E29}.Ad-Hoc|iPhoneSimulator.Build.0 = Ad-Hoc|iPhoneSimulator
		{4D38A457-825D-4FE5-BF86-2CE780467E29}.Ad-Hoc|Mixed Platforms.ActiveCfg = Ad-Hoc|iPhone
		{4D38A457-825D-4FE5-BF86-2CE780467E29}.Ad-Hoc|Mixed Platforms.Build.0 = Ad-Hoc|iPhone
		{4D38A457-825D-4FE5-BF86-2CE780467E29}.Ad-Hoc|x86.ActiveCfg = Ad-Hoc|iPhone
		{4D38A457-825D-4FE5-BF86-2CE780467E29}.AppStore|Any CPU.ActiveCfg = AppStore|iPhone
		{4D38A457-825D-4FE5-BF86-2CE780467E29}.AppStore|ARM.ActiveCfg = AppStore|iPhone
		{4D38A457-825D-4FE5-BF86-2CE780467E29}.AppStore|iPhone.ActiveCfg = AppStore|iPhone
		{4D38A457-825D-4FE5-BF86-2CE780467E29}.AppStore|iPhone.Build.0 = AppStore|iPhone
		{4D38A457-825D-4FE5-BF86-2CE780467E29}.AppStore|iPhoneSimulator.ActiveCfg = AppStore|iPhoneSimulator
		{4D38A457-825D-4FE5-BF86-2CE780467E29}.AppStore|iPhoneSimulator.Build.0 = AppStore|iPhoneSimulator
		{4D38A457-825D-4FE5-BF86-2CE780467E29}.AppStore|Mixed Platforms.ActiveCfg = AppStore|iPhone
		{4D38A457-825D-4FE5-BF86-2CE780467E29}.AppStore|Mixed Platforms.Build.0 = AppStore|iPhone
		{4D38A457-825D-4FE5-BF86-2CE780467E29}.AppStore|x86.ActiveCfg = AppStore|iPhone
		{4D38A457-825D-4FE5-BF86-2CE780467E29}.Debug|Any CPU.ActiveCfg = Debug|iPhone
		{4D38A457-825D-4FE5-BF86-2CE780467E29}.Debug|ARM.ActiveCfg = Debug|iPhone
		{4D38A457-825D-4FE5-BF86-2CE780467E29}.Debug|iPhone.ActiveCfg = Debug|iPhone
		{4D38A457-825D-4FE5-BF86-2CE780467E29}.Debug|iPhone.Build.0 = Debug|iPhone
		{4D38A457-825D-4FE5-BF86-2CE780467E29}.Debug|iPhoneSimulator.ActiveCfg = Debug|iPhoneSimulator
		{4D38A457-825D-4FE5-BF86-2CE780467E29}.Debug|iPhoneSimulator.Build.0 = Debug|iPhoneSimulator
		{4D38A457-825D-4FE5-BF86-2CE780467E29}.Debug|Mixed Platforms.ActiveCfg = Debug|iPhone
		{4D38A457-825D-4FE5-BF86-2CE780467E29}.Debug|Mixed Platforms.Build.0 = Debug|iPhone
		{4D38A457-825D-4FE5-BF86-2CE780467E29}.Debug|x86.ActiveCfg = Debug|iPhone
		{4D38A457-825D-4FE5-BF86-2CE780467E29}.Release|Any CPU.ActiveCfg = Release|iPhone
		{4D38A457-825D-4FE5-BF86-2CE780467E29}.Release|ARM.ActiveCfg = Release|iPhone
		{4D38A457-825D-4FE5-BF86-2CE780467E29}.Release|iPhone.ActiveCfg = Release|iPhone
		{4D38A457-825D-4FE5-BF86-2CE780467E29}.Release|iPhone.Build.0 = Release|iPhone
		{4D38A457-825D-4FE5-BF86-2CE780467E29}.Release|iPhoneSimulator.ActiveCfg = Release|iPhoneSimulator
		{4D38A457-825D-4FE5-BF86-2CE780467E29}.Release|iPhoneSimulator.Build.0 = Release|iPhoneSimulator
		{4D38A457-825D-4FE5-BF86-2CE780467E29}.Release|Mixed Platforms.ActiveCfg = Release|iPhone
		{4D38A457-825D-4FE5-BF86-2CE780467E29}.Release|Mixed Platforms.Build.0 = Release|iPhone
		{4D38A457-825D-4FE5-BF86-2CE780467E29}.Release|x86.ActiveCfg = Release|iPhone
		{4644FDBC-A2BD-4131-AFE4-C63EDC3B3A8B}.Ad-Hoc|Any CPU.ActiveCfg = Release|Any CPU
		{4644FDBC-A2BD-4131-AFE4-C63EDC3B3A8B}.Ad-Hoc|Any CPU.Build.0 = Release|Any CPU
		{4644FDBC-A2BD-4131-AFE4-C63EDC3B3A8B}.Ad-Hoc|Any CPU.Deploy.0 = Release|Any CPU
		{4644FDBC-A2BD-4131-AFE4-C63EDC3B3A8B}.Ad-Hoc|ARM.ActiveCfg = Release|Any CPU
		{4644FDBC-A2BD-4131-AFE4-C63EDC3B3A8B}.Ad-Hoc|iPhone.ActiveCfg = Release|Any CPU
		{4644FDBC-A2BD-4131-AFE4-C63EDC3B3A8B}.Ad-Hoc|iPhoneSimulator.ActiveCfg = Release|Any CPU
		{4644FDBC-A2BD-4131-AFE4-C63EDC3B3A8B}.Ad-Hoc|Mixed Platforms.ActiveCfg = Release|Any CPU
		{4644FDBC-A2BD-4131-AFE4-C63EDC3B3A8B}.Ad-Hoc|Mixed Platforms.Build.0 = Release|Any CPU
		{4644FDBC-A2BD-4131-AFE4-C63EDC3B3A8B}.Ad-Hoc|Mixed Platforms.Deploy.0 = Release|Any CPU
		{4644FDBC-A2BD-4131-AFE4-C63EDC3B3A8B}.Ad-Hoc|x86.ActiveCfg = Release|Any CPU
		{4644FDBC-A2BD-4131-AFE4-C63EDC3B3A8B}.AppStore|Any CPU.ActiveCfg = Release|Any CPU
		{4644FDBC-A2BD-4131-AFE4-C63EDC3B3A8B}.AppStore|Any CPU.Build.0 = Release|Any CPU
		{4644FDBC-A2BD-4131-AFE4-C63EDC3B3A8B}.AppStore|Any CPU.Deploy.0 = Release|Any CPU
		{4644FDBC-A2BD-4131-AFE4-C63EDC3B3A8B}.AppStore|ARM.ActiveCfg = Release|Any CPU
		{4644FDBC-A2BD-4131-AFE4-C63EDC3B3A8B}.AppStore|iPhone.ActiveCfg = Release|Any CPU
		{4644FDBC-A2BD-4131-AFE4-C63EDC3B3A8B}.AppStore|iPhoneSimulator.ActiveCfg = Release|Any CPU
		{4644FDBC-A2BD-4131-AFE4-C63EDC3B3A8B}.AppStore|Mixed Platforms.ActiveCfg = Release|Any CPU
		{4644FDBC-A2BD-4131-AFE4-C63EDC3B3A8B}.AppStore|Mixed Platforms.Build.0 = Release|Any CPU
		{4644FDBC-A2BD-4131-AFE4-C63EDC3B3A8B}.AppStore|Mixed Platforms.Deploy.0 = Release|Any CPU
		{4644FDBC-A2BD-4131-AFE4-C63EDC3B3A8B}.AppStore|x86.ActiveCfg = Release|Any CPU
		{4644FDBC-A2BD-4131-AFE4-C63EDC3B3A8B}.Debug|Any CPU.ActiveCfg = Debug|Any CPU
		{4644FDBC-A2BD-4131-AFE4-C63EDC3B3A8B}.Debug|Any CPU.Build.0 = Debug|Any CPU
		{4644FDBC-A2BD-4131-AFE4-C63EDC3B3A8B}.Debug|Any CPU.Deploy.0 = Debug|Any CPU
		{4644FDBC-A2BD-4131-AFE4-C63EDC3B3A8B}.Debug|ARM.ActiveCfg = Debug|Any CPU
		{4644FDBC-A2BD-4131-AFE4-C63EDC3B3A8B}.Debug|iPhone.ActiveCfg = Debug|Any CPU
		{4644FDBC-A2BD-4131-AFE4-C63EDC3B3A8B}.Debug|iPhoneSimulator.ActiveCfg = Debug|Any CPU
		{4644FDBC-A2BD-4131-AFE4-C63EDC3B3A8B}.Debug|Mixed Platforms.ActiveCfg = Debug|Any CPU
		{4644FDBC-A2BD-4131-AFE4-C63EDC3B3A8B}.Debug|Mixed Platforms.Build.0 = Debug|Any CPU
		{4644FDBC-A2BD-4131-AFE4-C63EDC3B3A8B}.Debug|Mixed Platforms.Deploy.0 = Debug|Any CPU
		{4644FDBC-A2BD-4131-AFE4-C63EDC3B3A8B}.Debug|x86.ActiveCfg = Debug|Any CPU
		{4644FDBC-A2BD-4131-AFE4-C63EDC3B3A8B}.Release|Any CPU.ActiveCfg = Release|Any CPU
		{4644FDBC-A2BD-4131-AFE4-C63EDC3B3A8B}.Release|Any CPU.Build.0 = Release|Any CPU
		{4644FDBC-A2BD-4131-AFE4-C63EDC3B3A8B}.Release|Any CPU.Deploy.0 = Release|Any CPU
		{4644FDBC-A2BD-4131-AFE4-C63EDC3B3A8B}.Release|ARM.ActiveCfg = Release|Any CPU
		{4644FDBC-A2BD-4131-AFE4-C63EDC3B3A8B}.Release|iPhone.ActiveCfg = Release|Any CPU
		{4644FDBC-A2BD-4131-AFE4-C63EDC3B3A8B}.Release|iPhoneSimulator.ActiveCfg = Release|Any CPU
		{4644FDBC-A2BD-4131-AFE4-C63EDC3B3A8B}.Release|Mixed Platforms.ActiveCfg = Release|Any CPU
		{4644FDBC-A2BD-4131-AFE4-C63EDC3B3A8B}.Release|Mixed Platforms.Build.0 = Release|Any CPU
		{4644FDBC-A2BD-4131-AFE4-C63EDC3B3A8B}.Release|Mixed Platforms.Deploy.0 = Release|Any CPU
		{4644FDBC-A2BD-4131-AFE4-C63EDC3B3A8B}.Release|x86.ActiveCfg = Release|Any CPU
		{4E47104C-EB83-45FE-9C75-1F6CA86D70AD}.Ad-Hoc|Any CPU.ActiveCfg = Release|Any CPU
		{4E47104C-EB83-45FE-9C75-1F6CA86D70AD}.Ad-Hoc|Any CPU.Build.0 = Release|Any CPU
		{4E47104C-EB83-45FE-9C75-1F6CA86D70AD}.Ad-Hoc|Any CPU.Deploy.0 = Release|Any CPU
		{4E47104C-EB83-45FE-9C75-1F6CA86D70AD}.Ad-Hoc|ARM.ActiveCfg = Release|ARM
		{4E47104C-EB83-45FE-9C75-1F6CA86D70AD}.Ad-Hoc|ARM.Build.0 = Release|ARM
		{4E47104C-EB83-45FE-9C75-1F6CA86D70AD}.Ad-Hoc|ARM.Deploy.0 = Release|ARM
		{4E47104C-EB83-45FE-9C75-1F6CA86D70AD}.Ad-Hoc|iPhone.ActiveCfg = Release|Any CPU
		{4E47104C-EB83-45FE-9C75-1F6CA86D70AD}.Ad-Hoc|iPhoneSimulator.ActiveCfg = Release|Any CPU
		{4E47104C-EB83-45FE-9C75-1F6CA86D70AD}.Ad-Hoc|Mixed Platforms.ActiveCfg = Release|x86
		{4E47104C-EB83-45FE-9C75-1F6CA86D70AD}.Ad-Hoc|Mixed Platforms.Build.0 = Release|x86
		{4E47104C-EB83-45FE-9C75-1F6CA86D70AD}.Ad-Hoc|Mixed Platforms.Deploy.0 = Release|x86
		{4E47104C-EB83-45FE-9C75-1F6CA86D70AD}.Ad-Hoc|x86.ActiveCfg = Release|x86
		{4E47104C-EB83-45FE-9C75-1F6CA86D70AD}.Ad-Hoc|x86.Build.0 = Release|x86
		{4E47104C-EB83-45FE-9C75-1F6CA86D70AD}.Ad-Hoc|x86.Deploy.0 = Release|x86
		{4E47104C-EB83-45FE-9C75-1F6CA86D70AD}.AppStore|Any CPU.ActiveCfg = Release|Any CPU
		{4E47104C-EB83-45FE-9C75-1F6CA86D70AD}.AppStore|Any CPU.Build.0 = Release|Any CPU
		{4E47104C-EB83-45FE-9C75-1F6CA86D70AD}.AppStore|Any CPU.Deploy.0 = Release|Any CPU
		{4E47104C-EB83-45FE-9C75-1F6CA86D70AD}.AppStore|ARM.ActiveCfg = Release|ARM
		{4E47104C-EB83-45FE-9C75-1F6CA86D70AD}.AppStore|ARM.Build.0 = Release|ARM
		{4E47104C-EB83-45FE-9C75-1F6CA86D70AD}.AppStore|ARM.Deploy.0 = Release|ARM
		{4E47104C-EB83-45FE-9C75-1F6CA86D70AD}.AppStore|iPhone.ActiveCfg = Release|Any CPU
		{4E47104C-EB83-45FE-9C75-1F6CA86D70AD}.AppStore|iPhoneSimulator.ActiveCfg = Release|Any CPU
		{4E47104C-EB83-45FE-9C75-1F6CA86D70AD}.AppStore|Mixed Platforms.ActiveCfg = Release|x86
		{4E47104C-EB83-45FE-9C75-1F6CA86D70AD}.AppStore|Mixed Platforms.Build.0 = Release|x86
		{4E47104C-EB83-45FE-9C75-1F6CA86D70AD}.AppStore|Mixed Platforms.Deploy.0 = Release|x86
		{4E47104C-EB83-45FE-9C75-1F6CA86D70AD}.AppStore|x86.ActiveCfg = Release|x86
		{4E47104C-EB83-45FE-9C75-1F6CA86D70AD}.AppStore|x86.Build.0 = Release|x86
		{4E47104C-EB83-45FE-9C75-1F6CA86D70AD}.AppStore|x86.Deploy.0 = Release|x86
		{4E47104C-EB83-45FE-9C75-1F6CA86D70AD}.Debug|Any CPU.ActiveCfg = Debug|Any CPU
		{4E47104C-EB83-45FE-9C75-1F6CA86D70AD}.Debug|Any CPU.Build.0 = Debug|Any CPU
		{4E47104C-EB83-45FE-9C75-1F6CA86D70AD}.Debug|Any CPU.Deploy.0 = Debug|Any CPU
		{4E47104C-EB83-45FE-9C75-1F6CA86D70AD}.Debug|ARM.ActiveCfg = Debug|ARM
		{4E47104C-EB83-45FE-9C75-1F6CA86D70AD}.Debug|ARM.Build.0 = Debug|ARM
		{4E47104C-EB83-45FE-9C75-1F6CA86D70AD}.Debug|ARM.Deploy.0 = Debug|ARM
		{4E47104C-EB83-45FE-9C75-1F6CA86D70AD}.Debug|iPhone.ActiveCfg = Debug|Any CPU
		{4E47104C-EB83-45FE-9C75-1F6CA86D70AD}.Debug|iPhoneSimulator.ActiveCfg = Debug|Any CPU
		{4E47104C-EB83-45FE-9C75-1F6CA86D70AD}.Debug|Mixed Platforms.ActiveCfg = Debug|x86
		{4E47104C-EB83-45FE-9C75-1F6CA86D70AD}.Debug|Mixed Platforms.Build.0 = Debug|x86
		{4E47104C-EB83-45FE-9C75-1F6CA86D70AD}.Debug|Mixed Platforms.Deploy.0 = Debug|x86
		{4E47104C-EB83-45FE-9C75-1F6CA86D70AD}.Debug|x86.ActiveCfg = Debug|x86
		{4E47104C-EB83-45FE-9C75-1F6CA86D70AD}.Debug|x86.Build.0 = Debug|x86
		{4E47104C-EB83-45FE-9C75-1F6CA86D70AD}.Debug|x86.Deploy.0 = Debug|x86
		{4E47104C-EB83-45FE-9C75-1F6CA86D70AD}.Release|Any CPU.ActiveCfg = Release|Any CPU
		{4E47104C-EB83-45FE-9C75-1F6CA86D70AD}.Release|Any CPU.Build.0 = Release|Any CPU
		{4E47104C-EB83-45FE-9C75-1F6CA86D70AD}.Release|Any CPU.Deploy.0 = Release|Any CPU
		{4E47104C-EB83-45FE-9C75-1F6CA86D70AD}.Release|ARM.ActiveCfg = Release|ARM
		{4E47104C-EB83-45FE-9C75-1F6CA86D70AD}.Release|ARM.Build.0 = Release|ARM
		{4E47104C-EB83-45FE-9C75-1F6CA86D70AD}.Release|ARM.Deploy.0 = Release|ARM
		{4E47104C-EB83-45FE-9C75-1F6CA86D70AD}.Release|iPhone.ActiveCfg = Release|Any CPU
		{4E47104C-EB83-45FE-9C75-1F6CA86D70AD}.Release|iPhoneSimulator.ActiveCfg = Release|Any CPU
		{4E47104C-EB83-45FE-9C75-1F6CA86D70AD}.Release|Mixed Platforms.ActiveCfg = Release|x86
		{4E47104C-EB83-45FE-9C75-1F6CA86D70AD}.Release|Mixed Platforms.Build.0 = Release|x86
		{4E47104C-EB83-45FE-9C75-1F6CA86D70AD}.Release|Mixed Platforms.Deploy.0 = Release|x86
		{4E47104C-EB83-45FE-9C75-1F6CA86D70AD}.Release|x86.ActiveCfg = Release|x86
		{4E47104C-EB83-45FE-9C75-1F6CA86D70AD}.Release|x86.Build.0 = Release|x86
		{4E47104C-EB83-45FE-9C75-1F6CA86D70AD}.Release|x86.Deploy.0 = Release|x86
	EndGlobalSection
	GlobalSection(SolutionProperties) = preSolution
		HideSolutionNode = FALSE
	EndGlobalSection
EndGlobal
